Microsoft Visual Studio Solution File, Format Version 12.00
# Visual Studio Version 17
VisualStudioVersion = 17.5.2.0
MinimumVisualStudioVersion = 10.0.40219.1
Project("{2150E333-8FDC-42A3-9474-1A3956D46DE8}") = "copilotkitagentframework", "copilotkitagentframework", "{CDE850A5-17D9-C7C7-4821-839B30242DA9}"
EndProject
Project("{FAE04EC0-301F-11D3-BF4B-00C04F79EFBC}") = "ProverbsAgent", "copilotkitagentframework\agent\ProverbsAgent.csproj", "{02038E26-1CDD-7431-3829-D7DA84E24B92}"
EndProject
Global
	GlobalSection(SolutionConfigurationPlatforms) = preSolution
		Debug|Any CPU = Debug|Any CPU
		Release|Any CPU = Release|Any CPU
	EndGlobalSection
	GlobalSection(ProjectConfigurationPlatforms) = postSolution
		{02038E26-1CDD-7431-3829-D7DA84E24B92}.Debug|Any CPU.ActiveCfg = Debug|Any CPU
		{02038E26-1CDD-7431-3829-D7DA84E24B92}.Debug|Any CPU.Build.0 = Debug|Any CPU
		{02038E26-1CDD-7431-3829-D7DA84E24B92}.Release|Any CPU.ActiveCfg = Release|Any CPU
		{02038E26-1CDD-7431-3829-D7DA84E24B92}.Release|Any CPU.Build.0 = Release|Any CPU
	EndGlobalSection
	GlobalSection(SolutionProperties) = preSolution
		HideSolutionNode = FALSE
	EndGlobalSection
	GlobalSection(NestedProjects) = preSolution
		{02038E26-1CDD-7431-3829-D7DA84E24B92} = {CDE850A5-17D9-C7C7-4821-839B30242DA9}
	EndGlobalSection
	GlobalSection(ExtensibilityGlobals) = postSolution
		SolutionGuid = {66DF9739-6EE1-4CAB-8CAF-BF583BF31841}
	EndGlobalSection
EndGlobal
